{
    "version": 3,
    "terraform_version": "0.11.7",
    "serial": 2,
    "lineage": "219a3035-627b-e9c1-9b29-dd37d679043f",
    "modules": [
        {
            "path": [
                "root"
            ],
            "outputs": {},
            "resources": {
                "aws_cloudwatch_log_group.log_grp": {
                    "type": "aws_cloudwatch_log_group",
                    "depends_on": [
                        "aws_lambda_function.lambda_function"
                    ],
                    "primary": {
                        "id": "/aws/lambda/ace-manifest-upload-opconsole-env",
                        "attributes": {
                            "arn": "arn:aws:logs:eu-west-1:742748476389:log-group:/aws/lambda/ace-manifest-upload-opconsole-env:*",
                            "id": "/aws/lambda/ace-manifest-upload-opconsole-env",
                            "kms_key_id": "",
                            "name": "/aws/lambda/ace-manifest-upload-opconsole-env",
                            "retention_in_days": "14",
                            "tags.%": "0"
                        },
                        "meta": {},
                        "tainted": false
                    },
                    "deposed": [],
                    "provider": "provider.aws"
                },
                "aws_iam_policy.lambda_logging": {
                    "type": "aws_iam_policy",
                    "depends_on": [
                        "aws_sqs_queue.sqs-queue"
                    ],
                    "primary": {
                        "id": "arn:aws:iam::742748476389:policy/opconsole-lambda_logging",
                        "attributes": {
                            "arn": "arn:aws:iam::742748476389:policy/opconsole-lambda_logging",
                            "description": "IAM policy for logging from a lambda",
                            "id": "arn:aws:iam::742748476389:policy/opconsole-lambda_logging",
                            "name": "opconsole-lambda_logging",
                            "path": "/",
                            "policy": "{\n  \"Version\": \"2012-10-17\",\n  \"Statement\": [\n    {\n      \"Sid\": \"Stmt1545132606930\",\n      \"Action\": [\n        \"logs:CreateLogGroup\",\n        \"logs:CreateLogStream\",\n        \"logs:PutLogEvents\"\n      ],\n      \"Effect\": \"Allow\",\n      \"Resource\": \"arn:aws:logs:*:*:*\"\n    },\n    {\n      \"Sid\": \"Stmt1545132817579\",\n      \"Action\": [\n        \"sqs:DeleteMessage\",\n        \"sqs:DeleteQueue\",\n        \"sqs:GetQueueAttributes\",\n        \"sqs:GetQueueUrl\",\n        \"sqs:PurgeQueue\",\n        \"sqs:ReceiveMessage\",\n        \"sqs:SendMessage\",\n        \"sqs:SetQueueAttributes\"\n      ],\n      \"Effect\": \"Allow\",\n      \"Resource\": \"arn:aws:sqs:eu-west-1:742748476389:sqs-queue-opconsole-env\"\n    }\n  ]\n}\n"
                        },
                        "meta": {},
                        "tainted": false
                    },
                    "deposed": [],
                    "provider": "provider.aws"
                },
                "aws_iam_role.iam_for_lambda": {
                    "type": "aws_iam_role",
                    "depends_on": [],
                    "primary": {
                        "id": "iam_role_for_lambda-opconsole-env",
                        "attributes": {
                            "arn": "arn:aws:iam::742748476389:role/iam_role_for_lambda-opconsole-env",
                            "assume_role_policy": "{\"Version\":\"2012-10-17\",\"Statement\":[{\"Sid\":\"\",\"Effect\":\"Allow\",\"Principal\":{\"Service\":\"lambda.amazonaws.com\"},\"Action\":\"sts:AssumeRole\"}]}",
                            "create_date": "2019-02-04T07:30:07Z",
                            "description": "",
                            "force_detach_policies": "false",
                            "id": "iam_role_for_lambda-opconsole-env",
                            "max_session_duration": "3600",
                            "name": "iam_role_for_lambda-opconsole-env",
                            "path": "/",
                            "tags.%": "0",
                            "unique_id": "AROAIR6VJB3QKE3VE7LMU"
                        },
                        "meta": {},
                        "tainted": false
                    },
                    "deposed": [],
                    "provider": "provider.aws"
                },
                "aws_iam_role_policy_attachment.lambda_logs": {
                    "type": "aws_iam_role_policy_attachment",
                    "depends_on": [
                        "aws_iam_policy.lambda_logging",
                        "aws_iam_role.iam_for_lambda"
                    ],
                    "primary": {
                        "id": "iam_role_for_lambda-opconsole-env-20190204073006552300000001",
                        "attributes": {
                            "id": "iam_role_for_lambda-opconsole-env-20190204073006552300000001",
                            "policy_arn": "arn:aws:iam::742748476389:policy/opconsole-lambda_logging",
                            "role": "iam_role_for_lambda-opconsole-env"
                        },
                        "meta": {},
                        "tainted": false
                    },
                    "deposed": [],
                    "provider": "provider.aws"
                },
                "aws_lambda_event_source_mapping.event_source_mapping": {
                    "type": "aws_lambda_event_source_mapping",
                    "depends_on": [
                        "aws_lambda_function.lambda_function",
                        "aws_sqs_queue.sqs-queue"
                    ],
                    "primary": {
                        "id": "a4ee14bc-bd07-40ed-ab77-8f94062a877c",
                        "attributes": {
                            "batch_size": "1",
                            "enabled": "true",
                            "event_source_arn": "arn:aws:sqs:eu-west-1:742748476389:sqs-queue-opconsole-env",
                            "function_arn": "arn:aws:lambda:eu-west-1:742748476389:function:ace-manifest-upload-opconsole-env",
                            "function_name": "arn:aws:lambda:eu-west-1:742748476389:function:ace-manifest-upload-opconsole-env",
                            "id": "a4ee14bc-bd07-40ed-ab77-8f94062a877c",
                            "last_processing_result": "",
                            "state": "Enabled",
                            "state_transition_reason": "USER_INITIATED",
                            "uuid": "a4ee14bc-bd07-40ed-ab77-8f94062a877c"
                        },
                        "meta": {},
                        "tainted": false
                    },
                    "deposed": [],
                    "provider": "provider.aws"
                },
                "aws_lambda_function.lambda_function": {
                    "type": "aws_lambda_function",
                    "depends_on": [
                        "aws_iam_role.iam_for_lambda"
                    ],
                    "primary": {
                        "id": "ace-manifest-upload-opconsole-env",
                        "attributes": {
                            "arn": "arn:aws:lambda:eu-west-1:742748476389:function:ace-manifest-upload-opconsole-env",
                            "dead_letter_config.#": "0",
                            "description": "Lambda function for uploading manifests to opconsole-env",
                            "environment.#": "1",
                            "environment.0.variables.%": "1",
                            "environment.0.variables.ApiVersion": "v1",
                            "filename": "../lambda-deploy-zip/lambda-deploy.zip",
                            "function_name": "ace-manifest-upload-opconsole-env",
                            "handler": "LearningMate.Products.ACE.SqsLambda::LearningMate.Products.ACE.SqsLambda.Function::FunctionHandler",
                            "id": "ace-manifest-upload-opconsole-env",
                            "invoke_arn": "arn:aws:apigateway:eu-west-1:lambda:path/2015-03-31/functions/arn:aws:lambda:eu-west-1:742748476389:function:ace-manifest-upload-opconsole-env/invocations",
                            "kms_key_arn": "",
                            "last_modified": "2019-02-04T07:30:19.930+0000",
                            "memory_size": "512",
                            "publish": "false",
                            "qualified_arn": "arn:aws:lambda:eu-west-1:742748476389:function:ace-manifest-upload-opconsole-env:$LATEST",
                            "reserved_concurrent_executions": "1",
                            "role": "arn:aws:iam::742748476389:role/iam_role_for_lambda-opconsole-env",
                            "runtime": "dotnetcore1.0",
                            "source_code_hash": "ltn4ptybRgZVW1mqosRg9npFDpSentLIrPCCzrXl73Y=",
                            "source_code_size": "223748",
                            "tags.%": "2",
                            "tags.Environment": "opconsole",
                            "tags.Project": "SNT",
                            "timeout": "900",
                            "tracing_config.#": "1",
                            "tracing_config.0.mode": "PassThrough",
                            "version": "$LATEST",
                            "vpc_config.#": "0"
                        },
                        "meta": {
                            "e2bfb730-ecaa-11e6-8f88-34363bc7c4c0": {
                                "create": 600000000000
                            }
                        },
                        "tainted": false
                    },
                    "deposed": [],
                    "provider": "provider.aws"
                },
                "aws_sqs_queue.sqs-queue": {
                    "type": "aws_sqs_queue",
                    "depends_on": [],
                    "primary": {
                        "id": "https://sqs.eu-west-1.amazonaws.com/742748476389/sqs-queue-opconsole-env",
                        "attributes": {
                            "arn": "arn:aws:sqs:eu-west-1:742748476389:sqs-queue-opconsole-env",
                            "content_based_deduplication": "false",
                            "delay_seconds": "0",
                            "fifo_queue": "false",
                            "id": "https://sqs.eu-west-1.amazonaws.com/742748476389/sqs-queue-opconsole-env",
                            "max_message_size": "262144",
                            "message_retention_seconds": "345600",
                            "name": "sqs-queue-opconsole-env",
                            "policy": "{\"Version\":\"2012-10-17\",\"Id\":\"sqspolicy\",\"Statement\":[{\"Sid\":\"First\",\"Effect\":\"Allow\",\"Principal\":\"*\",\"Action\":[\"sqs:DeleteMessage\",\"sqs:DeleteQueue\",\"sqs:GetQueueAttributes\",\"sqs:GetQueueUrl\",\"sqs:PurgeQueue\",\"sqs:ReceiveMessage\",\"sqs:SendMessage\"],\"Resource\":\"arn:aws:sqs:eu-west-1:742748476389:sqs-queue-opconsole-env\",\"Condition\":{\"ArnEquals\":{\"aws:SourceArn\":\"arn:aws:sqs:eu-west-1:742748476389:sqs-queue-opconsole-env\"}}}]}",
                            "receive_wait_time_seconds": "0",
                            "tags.%": "2",
                            "tags.Environment": "opconsole",
                            "tags.Project": "SNT",
                            "visibility_timeout_seconds": "300"
                        },
                        "meta": {},
                        "tainted": false
                    },
                    "deposed": [],
                    "provider": "provider.aws"
                },
                "aws_sqs_queue_policy.sqs-queue-policy": {
                    "type": "aws_sqs_queue_policy",
                    "depends_on": [
                        "aws_sqs_queue.sqs-queue"
                    ],
                    "primary": {
                        "id": "https://sqs.eu-west-1.amazonaws.com/742748476389/sqs-queue-opconsole-env",
                        "attributes": {
                            "id": "https://sqs.eu-west-1.amazonaws.com/742748476389/sqs-queue-opconsole-env",
                            "policy": "{\"Version\":\"2012-10-17\",\"Id\":\"sqspolicy\",\"Statement\":[{\"Sid\":\"First\",\"Effect\":\"Allow\",\"Principal\":\"*\",\"Action\":[\"sqs:DeleteMessage\",\"sqs:DeleteQueue\",\"sqs:GetQueueAttributes\",\"sqs:GetQueueUrl\",\"sqs:PurgeQueue\",\"sqs:ReceiveMessage\",\"sqs:SendMessage\"],\"Resource\":\"arn:aws:sqs:eu-west-1:742748476389:sqs-queue-opconsole-env\",\"Condition\":{\"ArnEquals\":{\"aws:SourceArn\":\"arn:aws:sqs:eu-west-1:742748476389:sqs-queue-opconsole-env\"}}}]}",
                            "queue_url": "https://sqs.eu-west-1.amazonaws.com/742748476389/sqs-queue-opconsole-env"
                        },
                        "meta": {
                            "schema_version": "1"
                        },
                        "tainted": false
                    },
                    "deposed": [],
                    "provider": "provider.aws"
                }
            },
            "depends_on": []
        }
    ]
}
